
Microsoft Visual Studio Solution File, Format Version 12.00
# Visual Studio 2013
VisualStudioVersion = 12.0.30501.0
MinimumVisualStudioVersion = 10.0.40219.1
Project("{FAE04EC0-301F-11D3-BF4B-00C04F79EFBC}") = "Server.API", "Server\Server.API.csproj", "{79BB16B7-1350-4001-ABB8-D1FC23CC60F9}"
EndProject
Project("{FAE04EC0-301F-11D3-BF4B-00C04F79EFBC}") = "Server.Framework", "Server.Framework\Server.Framework.csproj", "{A47C2B95-4715-4BDB-863E-17CC40FD8D68}"
EndProject
Project("{FAE04EC0-301F-11D3-BF4B-00C04F79EFBC}") = "Server.Admin", "Server.Admin\Server.Admin.csproj", "{5367AAF3-B4D9-4CEE-9844-3C833AA260B7}"
EndProject
Project("{2150E333-8FDC-42A3-9474-1A3956D46DE8}") = ".nuget", ".nuget", "{A00DA4F0-34F4-4A75-A161-D19ED73690EB}"
	ProjectSection(SolutionItems) = preProject
		.nuget\NuGet.Config = .nuget\NuGet.Config
		.nuget\NuGet.exe = .nuget\NuGet.exe
		.nuget\NuGet.targets = .nuget\NuGet.targets
	EndProjectSection
EndProject
Global
	GlobalSection(SolutionConfigurationPlatforms) = preSolution
		Debug|Any CPU = Debug|Any CPU
		Release|Any CPU = Release|Any CPU
	EndGlobalSection
	GlobalSection(ProjectConfigurationPlatforms) = postSolution
		{79BB16B7-1350-4001-ABB8-D1FC23CC60F9}.Debug|Any CPU.ActiveCfg = Debug|Any CPU
		{79BB16B7-1350-4001-ABB8-D1FC23CC60F9}.Debug|Any CPU.Build.0 = Debug|Any CPU
		{79BB16B7-1350-4001-ABB8-D1FC23CC60F9}.Release|Any CPU.ActiveCfg = Release|Any CPU
		{79BB16B7-1350-4001-ABB8-D1FC23CC60F9}.Release|Any CPU.Build.0 = Release|Any CPU
		{A47C2B95-4715-4BDB-863E-17CC40FD8D68}.Debug|Any CPU.ActiveCfg = Debug|Any CPU
		{A47C2B95-4715-4BDB-863E-17CC40FD8D68}.Debug|Any CPU.Build.0 = Debug|Any CPU
		{A47C2B95-4715-4BDB-863E-17CC40FD8D68}.Release|Any CPU.ActiveCfg = Release|Any CPU
		{A47C2B95-4715-4BDB-863E-17CC40FD8D68}.Release|Any CPU.Build.0 = Release|Any CPU
		{5367AAF3-B4D9-4CEE-9844-3C833AA260B7}.Debug|Any CPU.ActiveCfg = Debug|Any CPU
		{5367AAF3-B4D9-4CEE-9844-3C833AA260B7}.Debug|Any CPU.Build.0 = Debug|Any CPU
		{5367AAF3-B4D9-4CEE-9844-3C833AA260B7}.Release|Any CPU.ActiveCfg = Release|Any CPU
		{5367AAF3-B4D9-4CEE-9844-3C833AA260B7}.Release|Any CPU.Build.0 = Release|Any CPU
	EndGlobalSection
	GlobalSection(SolutionProperties) = preSolution
		HideSolutionNode = FALSE
	EndGlobalSection
EndGlobal
